
Microsoft Visual Studio Solution File, Format Version 12.00
# Visual Studio 15
VisualStudioVersion = 15.0.28307.168
MinimumVisualStudioVersion = 10.0.40219.1
Project("{FAE04EC0-301F-11D3-BF4B-00C04F79EFBC}") = "Rate.Lib", "Rate.Lib\Rate.Lib.csproj", "{85E17928-F0C9-42A0-B43C-348FD0540508}"
EndProject
Project("{FAE04EC0-301F-11D3-BF4B-00C04F79EFBC}") = "Rate.Console", "Rate.Console\Rate.Console.csproj", "{6841E7D0-5BDC-49F5-88EF-ACCDF4A6082A}"
EndProject
Global
	GlobalSection(SolutionConfigurationPlatforms) = preSolution
		Debug|Any CPU = Debug|Any CPU
		Release|Any CPU = Release|Any CPU
	EndGlobalSection
	GlobalSection(ProjectConfigurationPlatforms) = postSolution
		{85E17928-F0C9-42A0-B43C-348FD0540508}.Debug|Any CPU.ActiveCfg = Debug|Any CPU
		{85E17928-F0C9-42A0-B43C-348FD0540508}.Debug|Any CPU.Build.0 = Debug|Any CPU
		{85E17928-F0C9-42A0-B43C-348FD0540508}.Release|Any CPU.ActiveCfg = Release|Any CPU
		{85E17928-F0C9-42A0-B43C-348FD0540508}.Release|Any CPU.Build.0 = Release|Any CPU
		{6841E7D0-5BDC-49F5-88EF-ACCDF4A6082A}.Debug|Any CPU.ActiveCfg = Debug|Any CPU
		{6841E7D0-5BDC-49F5-88EF-ACCDF4A6082A}.Debug|Any CPU.Build.0 = Debug|Any CPU
		{6841E7D0-5BDC-49F5-88EF-ACCDF4A6082A}.Release|Any CPU.ActiveCfg = Release|Any CPU
		{6841E7D0-5BDC-49F5-88EF-ACCDF4A6082A}.Release|Any CPU.Build.0 = Release|Any CPU
	EndGlobalSection
	GlobalSection(SolutionProperties) = preSolution
		HideSolutionNode = FALSE
	EndGlobalSection
	GlobalSection(ExtensibilityGlobals) = postSolution
		SolutionGuid = {DD2D096A-A742-4031-81C7-4AE57E30AD88}
	EndGlobalSection
EndGlobal
